
Microsoft Visual Studio Solution File, Format Version 12.00
# Visual Studio Version 17
VisualStudioVersion = 17.0.31919.166
MinimumVisualStudioVersion = 10.0.40219.1
Project("{9A19103F-16F7-4668-BE54-9A1E7A4F7556}") = "Demo.DS.BinaryTree.Console", "Demo.DS.BinaryTree\Demo.DS.BinaryTree.Console.csproj", "{BD2D4D1A-7022-429D-A53B-4486997EF118}"
EndProject
Project("{FAE04EC0-301F-11D3-BF4B-00C04F79EFBC}") = "Demo.DS.BinaryTree.Lib", "Demo.DS.BinaryTree.Lib\Demo.DS.BinaryTree.Lib.csproj", "{AA1948F4-5904-4A91-9DAE-F10847E237D7}"
EndProject
Global
	GlobalSection(SolutionConfigurationPlatforms) = preSolution
		Debug|Any CPU = Debug|Any CPU
		Release|Any CPU = Release|Any CPU
	EndGlobalSection
	GlobalSection(ProjectConfigurationPlatforms) = postSolution
		{BD2D4D1A-7022-429D-A53B-4486997EF118}.Debug|Any CPU.ActiveCfg = Debug|Any CPU
		{BD2D4D1A-7022-429D-A53B-4486997EF118}.Debug|Any CPU.Build.0 = Debug|Any CPU
		{BD2D4D1A-7022-429D-A53B-4486997EF118}.Release|Any CPU.ActiveCfg = Release|Any CPU
		{BD2D4D1A-7022-429D-A53B-4486997EF118}.Release|Any CPU.Build.0 = Release|Any CPU
		{AA1948F4-5904-4A91-9DAE-F10847E237D7}.Debug|Any CPU.ActiveCfg = Debug|Any CPU
		{AA1948F4-5904-4A91-9DAE-F10847E237D7}.Debug|Any CPU.Build.0 = Debug|Any CPU
		{AA1948F4-5904-4A91-9DAE-F10847E237D7}.Release|Any CPU.ActiveCfg = Release|Any CPU
		{AA1948F4-5904-4A91-9DAE-F10847E237D7}.Release|Any CPU.Build.0 = Release|Any CPU
	EndGlobalSection
	GlobalSection(SolutionProperties) = preSolution
		HideSolutionNode = FALSE
	EndGlobalSection
	GlobalSection(ExtensibilityGlobals) = postSolution
		SolutionGuid = {5510625B-CFDD-4F03-9C4F-60487CEF1F2C}
	EndGlobalSection
EndGlobal
